
Microsoft Visual Studio Solution File, Format Version 12.00
# Visual Studio 15
VisualStudioVersion = 15.0.27703.2018
MinimumVisualStudioVersion = 10.0.40219.1
Project("{FAE04EC0-301F-11D3-BF4B-00C04F79EFBC}") = "XfAkavacheAndI.Android", "XfAkavacheAndI\XfAkavacheAndI.Android\XfAkavacheAndI.Android.csproj", "{60A127DF-718E-4BEE-AFDD-83E0B4EA563D}"
EndProject
Project("{FAE04EC0-301F-11D3-BF4B-00C04F79EFBC}") = "XfAkavacheAndI.iOS", "XfAkavacheAndI\XfAkavacheAndI.iOS\XfAkavacheAndI.iOS.csproj", "{58D674EA-79CD-4120-9240-351D392DCA1C}"
EndProject
Project("{FAE04EC0-301F-11D3-BF4B-00C04F79EFBC}") = "XfAkavacheAndI.UWP", "XfAkavacheAndI\XfAkavacheAndI.UWP\XfAkavacheAndI.UWP.csproj", "{ADFE5C79-848C-4F65-B2E5-91BE979AF1AC}"
EndProject
Project("{FAE04EC0-301F-11D3-BF4B-00C04F79EFBC}") = "XfAkavacheAndI", "XfAkavacheAndI\XfAkavacheAndI\XfAkavacheAndI.csproj", "{2391C72E-46CD-4934-8F67-762E7546EC7A}"
EndProject
Global
	GlobalSection(SolutionConfigurationPlatforms) = preSolution
		Ad-Hoc|Any CPU = Ad-Hoc|Any CPU
		Ad-Hoc|ARM = Ad-Hoc|ARM
		Ad-Hoc|iPhone = Ad-Hoc|iPhone
		Ad-Hoc|iPhoneSimulator = Ad-Hoc|iPhoneSimulator
		Ad-Hoc|x64 = Ad-Hoc|x64
		Ad-Hoc|x86 = Ad-Hoc|x86
		AppStore|Any CPU = AppStore|Any CPU
		AppStore|ARM = AppStore|ARM
		AppStore|iPhone = AppStore|iPhone
		AppStore|iPhoneSimulator = AppStore|iPhoneSimulator
		AppStore|x64 = AppStore|x64
		AppStore|x86 = AppStore|x86
		Debug|Any CPU = Debug|Any CPU
		Debug|ARM = Debug|ARM
		Debug|iPhone = Debug|iPhone
		Debug|iPhoneSimulator = Debug|iPhoneSimulator
		Debug|x64 = Debug|x64
		Debug|x86 = Debug|x86
		Release|Any CPU = Release|Any CPU
		Release|ARM = Release|ARM
		Release|iPhone = Release|iPhone
		Release|iPhoneSimulator = Release|iPhoneSimulator
		Release|x64 = Release|x64
		Release|x86 = Release|x86
	EndGlobalSection
	GlobalSection(ProjectConfigurationPlatforms) = postSolution
		{60A127DF-718E-4BEE-AFDD-83E0B4EA563D}.Ad-Hoc|Any CPU.ActiveCfg = Release|Any CPU
		{60A127DF-718E-4BEE-AFDD-83E0B4EA563D}.Ad-Hoc|Any CPU.Build.0 = Release|Any CPU
		{60A127DF-718E-4BEE-AFDD-83E0B4EA563D}.Ad-Hoc|Any CPU.Deploy.0 = Release|Any CPU
		{60A127DF-718E-4BEE-AFDD-83E0B4EA563D}.Ad-Hoc|ARM.ActiveCfg = Release|Any CPU
		{60A127DF-718E-4BEE-AFDD-83E0B4EA563D}.Ad-Hoc|ARM.Build.0 = Release|Any CPU
		{60A127DF-718E-4BEE-AFDD-83E0B4EA563D}.Ad-Hoc|ARM.Deploy.0 = Release|Any CPU
		{60A127DF-718E-4BEE-AFDD-83E0B4EA563D}.Ad-Hoc|iPhone.ActiveCfg = Release|Any CPU
		{60A127DF-718E-4BEE-AFDD-83E0B4EA563D}.Ad-Hoc|iPhone.Build.0 = Release|Any CPU
		{60A127DF-718E-4BEE-AFDD-83E0B4EA563D}.Ad-Hoc|iPhone.Deploy.0 = Release|Any CPU
		{60A127DF-718E-4BEE-AFDD-83E0B4EA563D}.Ad-Hoc|iPhoneSimulator.ActiveCfg = Release|Any CPU
		{60A127DF-718E-4BEE-AFDD-83E0B4EA563D}.Ad-Hoc|iPhoneSimulator.Build.0 = Release|Any CPU
		{60A127DF-718E-4BEE-AFDD-83E0B4EA563D}.Ad-Hoc|iPhoneSimulator.Deploy.0 = Release|Any CPU
		{60A127DF-718E-4BEE-AFDD-83E0B4EA563D}.Ad-Hoc|x64.ActiveCfg = Release|Any CPU
		{60A127DF-718E-4BEE-AFDD-83E0B4EA563D}.Ad-Hoc|x64.Build.0 = Release|Any CPU
		{60A127DF-718E-4BEE-AFDD-83E0B4EA563D}.Ad-Hoc|x64.Deploy.0 = Release|Any CPU
		{60A127DF-718E-4BEE-AFDD-83E0B4EA563D}.Ad-Hoc|x86.ActiveCfg = Release|Any CPU
		{60A127DF-718E-4BEE-AFDD-83E0B4EA563D}.Ad-Hoc|x86.Build.0 = Release|Any CPU
		{60A127DF-718E-4BEE-AFDD-83E0B4EA563D}.Ad-Hoc|x86.Deploy.0 = Release|Any CPU
		{60A127DF-718E-4BEE-AFDD-83E0B4EA563D}.AppStore|Any CPU.ActiveCfg = Release|Any CPU
		{60A127DF-718E-4BEE-AFDD-83E0B4EA563D}.AppStore|Any CPU.Build.0 = Release|Any CPU
		{60A127DF-718E-4BEE-AFDD-83E0B4EA563D}.AppStore|Any CPU.Deploy.0 = Release|Any CPU
		{60A127DF-718E-4BEE-AFDD-83E0B4EA563D}.AppStore|ARM.ActiveCfg = Release|Any CPU
		{60A127DF-718E-4BEE-AFDD-83E0B4EA563D}.AppStore|ARM.Build.0 = Release|Any CPU
		{60A127DF-718E-4BEE-AFDD-83E0B4EA563D}.AppStore|ARM.Deploy.0 = Release|Any CPU
		{60A127DF-718E-4BEE-AFDD-83E0B4EA563D}.AppStore|iPhone.ActiveCfg = Release|Any CPU
		{60A127DF-718E-4BEE-AFDD-83E0B4EA563D}.AppStore|iPhone.Build.0 = Release|Any CPU
		{60A127DF-718E-4BEE-AFDD-83E0B4EA563D}.AppStore|iPhone.Deploy.0 = Release|Any CPU
		{60A127DF-718E-4BEE-AFDD-83E0B4EA563D}.AppStore|iPhoneSimulator.ActiveCfg = Release|Any CPU
		{60A127DF-718E-4BEE-AFDD-83E0B4EA563D}.AppStore|iPhoneSimulator.Build.0 = Release|Any CPU
		{60A127DF-718E-4BEE-AFDD-83E0B4EA563D}.AppStore|iPhoneSimulator.Deploy.0 = Release|Any CPU
		{60A127DF-718E-4BEE-AFDD-83E0B4EA563D}.AppStore|x64.ActiveCfg = Release|Any CPU
		{60A127DF-718E-4BEE-AFDD-83E0B4EA563D}.AppStore|x64.Build.0 = Release|Any CPU
		{60A127DF-718E-4BEE-AFDD-83E0B4EA563D}.AppStore|x64.Deploy.0 = Release|Any CPU
		{60A127DF-718E-4BEE-AFDD-83E0B4EA563D}.AppStore|x86.ActiveCfg = Release|Any CPU
		{60A127DF-718E-4BEE-AFDD-83E0B4EA563D}.AppStore|x86.Build.0 = Release|Any CPU
		{60A127DF-718E-4BEE-AFDD-83E0B4EA563D}.AppStore|x86.Deploy.0 = Release|Any CPU
		{60A127DF-718E-4BEE-AFDD-83E0B4EA563D}.Debug|Any CPU.ActiveCfg = Debug|Any CPU
		{60A127DF-718E-4BEE-AFDD-83E0B4EA563D}.Debug|Any CPU.Build.0 = Debug|Any CPU
		{60A127DF-718E-4BEE-AFDD-83E0B4EA563D}.Debug|Any CPU.Deploy.0 = Debug|Any CPU
		{60A127DF-718E-4BEE-AFDD-83E0B4EA563D}.Debug|ARM.ActiveCfg = Debug|Any CPU
		{60A127DF-718E-4BEE-AFDD-83E0B4EA563D}.Debug|ARM.Build.0 = Debug|Any CPU
		{60A127DF-718E-4BEE-AFDD-83E0B4EA563D}.Debug|ARM.Deploy.0 = Debug|Any CPU
		{60A127DF-718E-4BEE-AFDD-83E0B4EA563D}.Debug|iPhone.ActiveCfg = Debug|Any CPU
		{60A127DF-718E-4BEE-AFDD-83E0B4EA563D}.Debug|iPhone.Build.0 = Debug|Any CPU
		{60A127DF-718E-4BEE-AFDD-83E0B4EA563D}.Debug|iPhone.Deploy.0 = Debug|Any CPU
		{60A127DF-718E-4BEE-AFDD-83E0B4EA563D}.Debug|iPhoneSimulator.ActiveCfg = Debug|Any CPU
		{60A127DF-718E-4BEE-AFDD-83E0B4EA563D}.Debug|iPhoneSimulator.Build.0 = Debug|Any CPU
		{60A127DF-718E-4BEE-AFDD-83E0B4EA563D}.Debug|iPhoneSimulator.Deploy.0 = Debug|Any CPU
		{60A127DF-718E-4BEE-AFDD-83E0B4EA563D}.Debug|x64.ActiveCfg = Debug|Any CPU
		{60A127DF-718E-4BEE-AFDD-83E0B4EA563D}.Debug|x64.Build.0 = Debug|Any CPU
		{60A127DF-718E-4BEE-AFDD-83E0B4EA563D}.Debug|x64.Deploy.0 = Debug|Any CPU
		{60A127DF-718E-4BEE-AFDD-83E0B4EA563D}.Debug|x86.ActiveCfg = Debug|Any CPU
		{60A127DF-718E-4BEE-AFDD-83E0B4EA563D}.Debug|x86.Build.0 = Debug|Any CPU
		{60A127DF-718E-4BEE-AFDD-83E0B4EA563D}.Debug|x86.Deploy.0 = Debug|Any CPU
		{60A127DF-718E-4BEE-AFDD-83E0B4EA563D}.Release|Any CPU.ActiveCfg = Release|Any CPU
		{60A127DF-718E-4BEE-AFDD-83E0B4EA563D}.Release|Any CPU.Build.0 = Release|Any CPU
		{60A127DF-718E-4BEE-AFDD-83E0B4EA563D}.Release|Any CPU.Deploy.0 = Release|Any CPU
		{60A127DF-718E-4BEE-AFDD-83E0B4EA563D}.Release|ARM.ActiveCfg = Release|Any CPU
		{60A127DF-718E-4BEE-AFDD-83E0B4EA563D}.Release|ARM.Build.0 = Release|Any CPU
		{60A127DF-718E-4BEE-AFDD-83E0B4EA563D}.Release|ARM.Deploy.0 = Release|Any CPU
		{60A127DF-718E-4BEE-AFDD-83E0B4EA563D}.Release|iPhone.ActiveCfg = Release|Any CPU
		{60A127DF-718E-4BEE-AFDD-83E0B4EA563D}.Release|iPhone.Build.0 = Release|Any CPU
		{60A127DF-718E-4BEE-AFDD-83E0B4EA563D}.Release|iPhone.Deploy.0 = Release|Any CPU
		{60A127DF-718E-4BEE-AFDD-83E0B4EA563D}.Release|iPhoneSimulator.ActiveCfg = Release|Any CPU
		{60A127DF-718E-4BEE-AFDD-83E0B4EA563D}.Release|iPhoneSimulator.Build.0 = Release|Any CPU
		{60A127DF-718E-4BEE-AFDD-83E0B4EA563D}.Release|iPhoneSimulator.Deploy.0 = Release|Any CPU
		{60A127DF-718E-4BEE-AFDD-83E0B4EA563D}.Release|x64.ActiveCfg = Release|Any CPU
		{60A127DF-718E-4BEE-AFDD-83E0B4EA563D}.Release|x64.Build.0 = Release|Any CPU
		{60A127DF-718E-4BEE-AFDD-83E0B4EA563D}.Release|x64.Deploy.0 = Release|Any CPU
		{60A127DF-718E-4BEE-AFDD-83E0B4EA563D}.Release|x86.ActiveCfg = Release|Any CPU
		{60A127DF-718E-4BEE-AFDD-83E0B4EA563D}.Release|x86.Build.0 = Release|Any CPU
		{60A127DF-718E-4BEE-AFDD-83E0B4EA563D}.Release|x86.Deploy.0 = Release|Any CPU
		{58D674EA-79CD-4120-9240-351D392DCA1C}.Ad-Hoc|Any CPU.ActiveCfg = Ad-Hoc|iPhone
		{58D674EA-79CD-4120-9240-351D392DCA1C}.Ad-Hoc|Any CPU.Build.0 = Ad-Hoc|iPhone
		{58D674EA-79CD-4120-9240-351D392DCA1C}.Ad-Hoc|Any CPU.Deploy.0 = Ad-Hoc|iPhone
		{58D674EA-79CD-4120-9240-351D392DCA1C}.Ad-Hoc|ARM.ActiveCfg = Ad-Hoc|iPhone
		{58D674EA-79CD-4120-9240-351D392DCA1C}.Ad-Hoc|ARM.Build.0 = Ad-Hoc|iPhone
		{58D674EA-79CD-4120-9240-351D392DCA1C}.Ad-Hoc|ARM.Deploy.0 = Ad-Hoc|iPhone
		{58D674EA-79CD-4120-9240-351D392DCA1C}.Ad-Hoc|iPhone.ActiveCfg = Ad-Hoc|iPhone
		{58D674EA-79CD-4120-9240-351D392DCA1C}.Ad-Hoc|iPhone.Build.0 = Ad-Hoc|iPhone
		{58D674EA-79CD-4120-9240-351D392DCA1C}.Ad-Hoc|iPhone.Deploy.0 = Ad-Hoc|iPhone
		{58D674EA-79CD-4120-9240-351D392DCA1C}.Ad-Hoc|iPhoneSimulator.ActiveCfg = Ad-Hoc|iPhoneSimulator
		{58D674EA-79CD-4120-9240-351D392DCA1C}.Ad-Hoc|iPhoneSimulator.Build.0 = Ad-Hoc|iPhoneSimulator
		{58D674EA-79CD-4120-9240-351D392DCA1C}.Ad-Hoc|iPhoneSimulator.Deploy.0 = Ad-Hoc|iPhoneSimulator
		{58D674EA-79CD-4120-9240-351D392DCA1C}.Ad-Hoc|x64.ActiveCfg = Ad-Hoc|iPhone
		{58D674EA-79CD-4120-9240-351D392DCA1C}.Ad-Hoc|x64.Build.0 = Ad-Hoc|iPhone
		{58D674EA-79CD-4120-9240-351D392DCA1C}.Ad-Hoc|x64.Deploy.0 = Ad-Hoc|iPhone
		{58D674EA-79CD-4120-9240-351D392DCA1C}.Ad-Hoc|x86.ActiveCfg = Ad-Hoc|iPhone
		{58D674EA-79CD-4120-9240-351D392DCA1C}.Ad-Hoc|x86.Build.0 = Ad-Hoc|iPhone
		{58D674EA-79CD-4120-9240-351D392DCA1C}.Ad-Hoc|x86.Deploy.0 = Ad-Hoc|iPhone
		{58D674EA-79CD-4120-9240-351D392DCA1C}.AppStore|Any CPU.ActiveCfg = AppStore|iPhone
		{58D674EA-79CD-4120-9240-351D392DCA1C}.AppStore|Any CPU.Build.0 = AppStore|iPhone
		{58D674EA-79CD-4120-9240-351D392DCA1C}.AppStore|Any CPU.Deploy.0 = AppStore|iPhone
		{58D674EA-79CD-4120-9240-351D392DCA1C}.AppStore|ARM.ActiveCfg = AppStore|iPhone
		{58D674EA-79CD-4120-9240-351D392DCA1C}.AppStore|ARM.Build.0 = AppStore|iPhone
		{58D674EA-79CD-4120-9240-351D392DCA1C}.AppStore|ARM.Deploy.0 = AppStore|iPhone
		{58D674EA-79CD-4120-9240-351D392DCA1C}.AppStore|iPhone.ActiveCfg = AppStore|iPhone
		{58D674EA-79CD-4120-9240-351D392DCA1C}.AppStore|iPhone.Build.0 = AppStore|iPhone
		{58D674EA-79CD-4120-9240-351D392DCA1C}.AppStore|iPhone.Deploy.0 = AppStore|iPhone
		{58D674EA-79CD-4120-9240-351D392DCA1C}.AppStore|iPhoneSimulator.ActiveCfg = AppStore|iPhoneSimulator
		{58D674EA-79CD-4120-9240-351D392DCA1C}.AppStore|iPhoneSimulator.Build.0 = AppStore|iPhoneSimulator
		{58D674EA-79CD-4120-9240-351D392DCA1C}.AppStore|iPhoneSimulator.Deploy.0 = AppStore|iPhoneSimulator
		{58D674EA-79CD-4120-9240-351D392DCA1C}.AppStore|x64.ActiveCfg = AppStore|iPhone
		{58D674EA-79CD-4120-9240-351D392DCA1C}.AppStore|x64.Build.0 = AppStore|iPhone
		{58D674EA-79CD-4120-9240-351D392DCA1C}.AppStore|x64.Deploy.0 = AppStore|iPhone
		{58D674EA-79CD-4120-9240-351D392DCA1C}.AppStore|x86.ActiveCfg = AppStore|iPhone
		{58D674EA-79CD-4120-9240-351D392DCA1C}.AppStore|x86.Build.0 = AppStore|iPhone
		{58D674EA-79CD-4120-9240-351D392DCA1C}.AppStore|x86.Deploy.0 = AppStore|iPhone
		{58D674EA-79CD-4120-9240-351D392DCA1C}.Debug|Any CPU.ActiveCfg = Debug|iPhoneSimulator
		{58D674EA-79CD-4120-9240-351D392DCA1C}.Debug|Any CPU.Build.0 = Debug|iPhoneSimulator
		{58D674EA-79CD-4120-9240-351D392DCA1C}.Debug|Any CPU.Deploy.0 = Debug|iPhoneSimulator
		{58D674EA-79CD-4120-9240-351D392DCA1C}.Debug|ARM.ActiveCfg = Debug|iPhone
		{58D674EA-79CD-4120-9240-351D392DCA1C}.Debug|ARM.Build.0 = Debug|iPhone
		{58D674EA-79CD-4120-9240-351D392DCA1C}.Debug|ARM.Deploy.0 = Debug|iPhone
		{58D674EA-79CD-4120-9240-351D392DCA1C}.Debug|iPhone.ActiveCfg = Debug|iPhone
		{58D674EA-79CD-4120-9240-351D392DCA1C}.Debug|iPhone.Build.0 = Debug|iPhone
		{58D674EA-79CD-4120-9240-351D392DCA1C}.Debug|iPhone.Deploy.0 = Debug|iPhone
		{58D674EA-79CD-4120-9240-351D392DCA1C}.Debug|iPhoneSimulator.ActiveCfg = Debug|iPhoneSimulator
		{58D674EA-79CD-4120-9240-351D392DCA1C}.Debug|iPhoneSimulator.Build.0 = Debug|iPhoneSimulator
		{58D674EA-79CD-4120-9240-351D392DCA1C}.Debug|iPhoneSimulator.Deploy.0 = Debug|iPhoneSimulator
		{58D674EA-79CD-4120-9240-351D392DCA1C}.Debug|x64.ActiveCfg = Debug|iPhone
		{58D674EA-79CD-4120-9240-351D392DCA1C}.Debug|x64.Build.0 = Debug|iPhone
		{58D674EA-79CD-4120-9240-351D392DCA1C}.Debug|x64.Deploy.0 = Debug|iPhone
		{58D674EA-79CD-4120-9240-351D392DCA1C}.Debug|x86.ActiveCfg = Debug|iPhone
		{58D674EA-79CD-4120-9240-351D392DCA1C}.Debug|x86.Build.0 = Debug|iPhone
		{58D674EA-79CD-4120-9240-351D392DCA1C}.Debug|x86.Deploy.0 = Debug|iPhone
		{58D674EA-79CD-4120-9240-351D392DCA1C}.Release|Any CPU.ActiveCfg = Release|iPhone
		{58D674EA-79CD-4120-9240-351D392DCA1C}.Release|Any CPU.Build.0 = Release|iPhone
		{58D674EA-79CD-4120-9240-351D392DCA1C}.Release|Any CPU.Deploy.0 = Release|iPhone
		{58D674EA-79CD-4120-9240-351D392DCA1C}.Release|ARM.ActiveCfg = Release|iPhone
		{58D674EA-79CD-4120-9240-351D392DCA1C}.Release|ARM.Build.0 = Release|iPhone
		{58D674EA-79CD-4120-9240-351D392DCA1C}.Release|ARM.Deploy.0 = Release|iPhone
		{58D674EA-79CD-4120-9240-351D392DCA1C}.Release|iPhone.ActiveCfg = Release|iPhone
		{58D674EA-79CD-4120-9240-351D392DCA1C}.Release|iPhone.Build.0 = Release|iPhone
		{58D674EA-79CD-4120-9240-351D392DCA1C}.Release|iPhone.Deploy.0 = Release|iPhone
		{58D674EA-79CD-4120-9240-351D392DCA1C}.Release|iPhoneSimulator.ActiveCfg = Release|iPhoneSimulator
		{58D674EA-79CD-4120-9240-351D392DCA1C}.Release|iPhoneSimulator.Build.0 = Release|iPhoneSimulator
		{58D674EA-79CD-4120-9240-351D392DCA1C}.Release|iPhoneSimulator.Deploy.0 = Release|iPhoneSimulator
		{58D674EA-79CD-4120-9240-351D392DCA1C}.Release|x64.ActiveCfg = Release|iPhone
		{58D674EA-79CD-4120-9240-351D392DCA1C}.Release|x64.Build.0 = Release|iPhone
		{58D674EA-79CD-4120-9240-351D392DCA1C}.Release|x64.Deploy.0 = Release|iPhone
		{58D674EA-79CD-4120-9240-351D392DCA1C}.Release|x86.ActiveCfg = Release|iPhone
		{58D674EA-79CD-4120-9240-351D392DCA1C}.Release|x86.Build.0 = Release|iPhone
		{58D674EA-79CD-4120-9240-351D392DCA1C}.Release|x86.Deploy.0 = Release|iPhone
		{ADFE5C79-848C-4F65-B2E5-91BE979AF1AC}.Ad-Hoc|Any CPU.ActiveCfg = Release|x86
		{ADFE5C79-848C-4F65-B2E5-91BE979AF1AC}.Ad-Hoc|Any CPU.Build.0 = Release|x86
		{ADFE5C79-848C-4F65-B2E5-91BE979AF1AC}.Ad-Hoc|Any CPU.Deploy.0 = Release|x86
		{ADFE5C79-848C-4F65-B2E5-91BE979AF1AC}.Ad-Hoc|ARM.ActiveCfg = Release|ARM
		{ADFE5C79-848C-4F65-B2E5-91BE979AF1AC}.Ad-Hoc|ARM.Build.0 = Release|ARM
		{ADFE5C79-848C-4F65-B2E5-91BE979AF1AC}.Ad-Hoc|ARM.Deploy.0 = Release|ARM
		{ADFE5C79-848C-4F65-B2E5-91BE979AF1AC}.Ad-Hoc|iPhone.ActiveCfg = Release|x86
		{ADFE5C79-848C-4F65-B2E5-91BE979AF1AC}.Ad-Hoc|iPhone.Build.0 = Release|x86
		{ADFE5C79-848C-4F65-B2E5-91BE979AF1AC}.Ad-Hoc|iPhone.Deploy.0 = Release|x86
		{ADFE5C79-848C-4F65-B2E5-91BE979AF1AC}.Ad-Hoc|iPhoneSimulator.ActiveCfg = Release|x86
		{ADFE5C79-848C-4F65-B2E5-91BE979AF1AC}.Ad-Hoc|iPhoneSimulator.Build.0 = Release|x86
		{ADFE5C79-848C-4F65-B2E5-91BE979AF1AC}.Ad-Hoc|iPhoneSimulator.Deploy.0 = Release|x86
		{ADFE5C79-848C-4F65-B2E5-91BE979AF1AC}.Ad-Hoc|x64.ActiveCfg = Release|x64
		{ADFE5C79-848C-4F65-B2E5-91BE979AF1AC}.Ad-Hoc|x64.Build.0 = Release|x64
		{ADFE5C79-848C-4F65-B2E5-91BE979AF1AC}.Ad-Hoc|x64.Deploy.0 = Release|x64
		{ADFE5C79-848C-4F65-B2E5-91BE979AF1AC}.Ad-Hoc|x86.ActiveCfg = Release|x86
		{ADFE5C79-848C-4F65-B2E5-91BE979AF1AC}.Ad-Hoc|x86.Build.0 = Release|x86
		{ADFE5C79-848C-4F65-B2E5-91BE979AF1AC}.Ad-Hoc|x86.Deploy.0 = Release|x86
		{ADFE5C79-848C-4F65-B2E5-91BE979AF1AC}.AppStore|Any CPU.ActiveCfg = Release|x86
		{ADFE5C79-848C-4F65-B2E5-91BE979AF1AC}.AppStore|Any CPU.Build.0 = Release|x86
		{ADFE5C79-848C-4F65-B2E5-91BE979AF1AC}.AppStore|Any CPU.Deploy.0 = Release|x86
		{ADFE5C79-848C-4F65-B2E5-91BE979AF1AC}.AppStore|ARM.ActiveCfg = Release|ARM
		{ADFE5C79-848C-4F65-B2E5-91BE979AF1AC}.AppStore|ARM.Build.0 = Release|ARM
		{ADFE5C79-848C-4F65-B2E5-91BE979AF1AC}.AppStore|ARM.Deploy.0 = Release|ARM
		{ADFE5C79-848C-4F65-B2E5-91BE979AF1AC}.AppStore|iPhone.ActiveCfg = Release|x86
		{ADFE5C79-848C-4F65-B2E5-91BE979AF1AC}.AppStore|iPhone.Build.0 = Release|x86
		{ADFE5C79-848C-4F65-B2E5-91BE979AF1AC}.AppStore|iPhone.Deploy.0 = Release|x86
		{ADFE5C79-848C-4F65-B2E5-91BE979AF1AC}.AppStore|iPhoneSimulator.ActiveCfg = Release|x86
		{ADFE5C79-848C-4F65-B2E5-91BE979AF1AC}.AppStore|iPhoneSimulator.Build.0 = Release|x86
		{ADFE5C79-848C-4F65-B2E5-91BE979AF1AC}.AppStore|iPhoneSimulator.Deploy.0 = Release|x86
		{ADFE5C79-848C-4F65-B2E5-91BE979AF1AC}.AppStore|x64.ActiveCfg = Release|x64
		{ADFE5C79-848C-4F65-B2E5-91BE979AF1AC}.AppStore|x64.Build.0 = Release|x64
		{ADFE5C79-848C-4F65-B2E5-91BE979AF1AC}.AppStore|x64.Deploy.0 = Release|x64
		{ADFE5C79-848C-4F65-B2E5-91BE979AF1AC}.AppStore|x86.ActiveCfg = Release|x86
		{ADFE5C79-848C-4F65-B2E5-91BE979AF1AC}.AppStore|x86.Build.0 = Release|x86
		{ADFE5C79-848C-4F65-B2E5-91BE979AF1AC}.AppStore|x86.Deploy.0 = Release|x86
		{ADFE5C79-848C-4F65-B2E5-91BE979AF1AC}.Debug|Any CPU.ActiveCfg = Debug|x86
		{ADFE5C79-848C-4F65-B2E5-91BE979AF1AC}.Debug|Any CPU.Build.0 = Debug|x86
		{ADFE5C79-848C-4F65-B2E5-91BE979AF1AC}.Debug|Any CPU.Deploy.0 = Debug|x86
		{ADFE5C79-848C-4F65-B2E5-91BE979AF1AC}.Debug|ARM.ActiveCfg = Debug|ARM
		{ADFE5C79-848C-4F65-B2E5-91BE979AF1AC}.Debug|ARM.Build.0 = Debug|ARM
		{ADFE5C79-848C-4F65-B2E5-91BE979AF1AC}.Debug|ARM.Deploy.0 = Debug|ARM
		{ADFE5C79-848C-4F65-B2E5-91BE979AF1AC}.Debug|iPhone.ActiveCfg = Debug|x86
		{ADFE5C79-848C-4F65-B2E5-91BE979AF1AC}.Debug|iPhone.Build.0 = Debug|x86
		{ADFE5C79-848C-4F65-B2E5-91BE979AF1AC}.Debug|iPhone.Deploy.0 = Debug|x86
		{ADFE5C79-848C-4F65-B2E5-91BE979AF1AC}.Debug|iPhoneSimulator.ActiveCfg = Debug|x86
		{ADFE5C79-848C-4F65-B2E5-91BE979AF1AC}.Debug|iPhoneSimulator.Build.0 = Debug|x86
		{ADFE5C79-848C-4F65-B2E5-91BE979AF1AC}.Debug|iPhoneSimulator.Deploy.0 = Debug|x86
		{ADFE5C79-848C-4F65-B2E5-91BE979AF1AC}.Debug|x64.ActiveCfg = Debug|x64
		{ADFE5C79-848C-4F65-B2E5-91BE979AF1AC}.Debug|x64.Build.0 = Debug|x64
		{ADFE5C79-848C-4F65-B2E5-91BE979AF1AC}.Debug|x64.Deploy.0 = Debug|x64
		{ADFE5C79-848C-4F65-B2E5-91BE979AF1AC}.Debug|x86.ActiveCfg = Debug|x86
		{ADFE5C79-848C-4F65-B2E5-91BE979AF1AC}.Debug|x86.Build.0 = Debug|x86
		{ADFE5C79-848C-4F65-B2E5-91BE979AF1AC}.Debug|x86.Deploy.0 = Debug|x86
		{ADFE5C79-848C-4F65-B2E5-91BE979AF1AC}.Release|Any CPU.ActiveCfg = Release|x86
		{ADFE5C79-848C-4F65-B2E5-91BE979AF1AC}.Release|Any CPU.Build.0 = Release|x86
		{ADFE5C79-848C-4F65-B2E5-91BE979AF1AC}.Release|Any CPU.Deploy.0 = Release|x86
		{ADFE5C79-848C-4F65-B2E5-91BE979AF1AC}.Release|ARM.ActiveCfg = Release|ARM
		{ADFE5C79-848C-4F65-B2E5-91BE979AF1AC}.Release|ARM.Build.0 = Release|ARM
		{ADFE5C79-848C-4F65-B2E5-91BE979AF1AC}.Release|ARM.Deploy.0 = Release|ARM
		{ADFE5C79-848C-4F65-B2E5-91BE979AF1AC}.Release|iPhone.ActiveCfg = Release|x86
		{ADFE5C79-848C-4F65-B2E5-91BE979AF1AC}.Release|iPhone.Build.0 = Release|x86
		{ADFE5C79-848C-4F65-B2E5-91BE979AF1AC}.Release|iPhone.Deploy.0 = Release|x86
		{ADFE5C79-848C-4F65-B2E5-91BE979AF1AC}.Release|iPhoneSimulator.ActiveCfg = Release|x86
		{ADFE5C79-848C-4F65-B2E5-91BE979AF1AC}.Release|iPhoneSimulator.Build.0 = Release|x86
		{ADFE5C79-848C-4F65-B2E5-91BE979AF1AC}.Release|iPhoneSimulator.Deploy.0 = Release|x86
		{ADFE5C79-848C-4F65-B2E5-91BE979AF1AC}.Release|x64.ActiveCfg = Release|x64
		{ADFE5C79-848C-4F65-B2E5-91BE979AF1AC}.Release|x64.Build.0 = Release|x64
		{ADFE5C79-848C-4F65-B2E5-91BE979AF1AC}.Release|x64.Deploy.0 = Release|x64
		{ADFE5C79-848C-4F65-B2E5-91BE979AF1AC}.Release|x86.ActiveCfg = Release|x86
		{ADFE5C79-848C-4F65-B2E5-91BE979AF1AC}.Release|x86.Build.0 = Release|x86
		{ADFE5C79-848C-4F65-B2E5-91BE979AF1AC}.Release|x86.Deploy.0 = Release|x86
		{2391C72E-46CD-4934-8F67-762E7546EC7A}.Ad-Hoc|Any CPU.ActiveCfg = Debug|Any CPU
		{2391C72E-46CD-4934-8F67-762E7546EC7A}.Ad-Hoc|Any CPU.Build.0 = Debug|Any CPU
		{2391C72E-46CD-4934-8F67-762E7546EC7A}.Ad-Hoc|Any CPU.Deploy.0 = Debug|Any CPU
		{2391C72E-46CD-4934-8F67-762E7546EC7A}.Ad-Hoc|ARM.ActiveCfg = Debug|Any CPU
		{2391C72E-46CD-4934-8F67-762E7546EC7A}.Ad-Hoc|ARM.Build.0 = Debug|Any CPU
		{2391C72E-46CD-4934-8F67-762E7546EC7A}.Ad-Hoc|ARM.Deploy.0 = Debug|Any CPU
		{2391C72E-46CD-4934-8F67-762E7546EC7A}.Ad-Hoc|iPhone.ActiveCfg = Debug|Any CPU
		{2391C72E-46CD-4934-8F67-762E7546EC7A}.Ad-Hoc|iPhone.Build.0 = Debug|Any CPU
		{2391C72E-46CD-4934-8F67-762E7546EC7A}.Ad-Hoc|iPhone.Deploy.0 = Debug|Any CPU
		{2391C72E-46CD-4934-8F67-762E7546EC7A}.Ad-Hoc|iPhoneSimulator.ActiveCfg = Debug|Any CPU
		{2391C72E-46CD-4934-8F67-762E7546EC7A}.Ad-Hoc|iPhoneSimulator.Build.0 = Debug|Any CPU
		{2391C72E-46CD-4934-8F67-762E7546EC7A}.Ad-Hoc|iPhoneSimulator.Deploy.0 = Debug|Any CPU
		{2391C72E-46CD-4934-8F67-762E7546EC7A}.Ad-Hoc|x64.ActiveCfg = Debug|Any CPU
		{2391C72E-46CD-4934-8F67-762E7546EC7A}.Ad-Hoc|x64.Build.0 = Debug|Any CPU
		{2391C72E-46CD-4934-8F67-762E7546EC7A}.Ad-Hoc|x64.Deploy.0 = Debug|Any CPU
		{2391C72E-46CD-4934-8F67-762E7546EC7A}.Ad-Hoc|x86.ActiveCfg = Debug|Any CPU
		{2391C72E-46CD-4934-8F67-762E7546EC7A}.Ad-Hoc|x86.Build.0 = Debug|Any CPU
		{2391C72E-46CD-4934-8F67-762E7546EC7A}.Ad-Hoc|x86.Deploy.0 = Debug|Any CPU
		{2391C72E-46CD-4934-8F67-762E7546EC7A}.AppStore|Any CPU.ActiveCfg = Debug|Any CPU
		{2391C72E-46CD-4934-8F67-762E7546EC7A}.AppStore|Any CPU.Build.0 = Debug|Any CPU
		{2391C72E-46CD-4934-8F67-762E7546EC7A}.AppStore|Any CPU.Deploy.0 = Debug|Any CPU
		{2391C72E-46CD-4934-8F67-762E7546EC7A}.AppStore|ARM.ActiveCfg = Debug|Any CPU
		{2391C72E-46CD-4934-8F67-762E7546EC7A}.AppStore|ARM.Build.0 = Debug|Any CPU
		{2391C72E-46CD-4934-8F67-762E7546EC7A}.AppStore|ARM.Deploy.0 = Debug|Any CPU
		{2391C72E-46CD-4934-8F67-762E7546EC7A}.AppStore|iPhone.ActiveCfg = Debug|Any CPU
		{2391C72E-46CD-4934-8F67-762E7546EC7A}.AppStore|iPhone.Build.0 = Debug|Any CPU
		{2391C72E-46CD-4934-8F67-762E7546EC7A}.AppStore|iPhone.Deploy.0 = Debug|Any CPU
		{2391C72E-46CD-4934-8F67-762E7546EC7A}.AppStore|iPhoneSimulator.ActiveCfg = Debug|Any CPU
		{2391C72E-46CD-4934-8F67-762E7546EC7A}.AppStore|iPhoneSimulator.Build.0 = Debug|Any CPU
		{2391C72E-46CD-4934-8F67-762E7546EC7A}.AppStore|iPhoneSimulator.Deploy.0 = Debug|Any CPU
		{2391C72E-46CD-4934-8F67-762E7546EC7A}.AppStore|x64.ActiveCfg = Debug|Any CPU
		{2391C72E-46CD-4934-8F67-762E7546EC7A}.AppStore|x64.Build.0 = Debug|Any CPU
		{2391C72E-46CD-4934-8F67-762E7546EC7A}.AppStore|x64.Deploy.0 = Debug|Any CPU
		{2391C72E-46CD-4934-8F67-762E7546EC7A}.AppStore|x86.ActiveCfg = Debug|Any CPU
		{2391C72E-46CD-4934-8F67-762E7546EC7A}.AppStore|x86.Build.0 = Debug|Any CPU
		{2391C72E-46CD-4934-8F67-762E7546EC7A}.AppStore|x86.Deploy.0 = Debug|Any CPU
		{2391C72E-46CD-4934-8F67-762E7546EC7A}.Debug|Any CPU.ActiveCfg = Debug|Any CPU
		{2391C72E-46CD-4934-8F67-762E7546EC7A}.Debug|Any CPU.Build.0 = Debug|Any CPU
		{2391C72E-46CD-4934-8F67-762E7546EC7A}.Debug|Any CPU.Deploy.0 = Debug|Any CPU
		{2391C72E-46CD-4934-8F67-762E7546EC7A}.Debug|ARM.ActiveCfg = Debug|Any CPU
		{2391C72E-46CD-4934-8F67-762E7546EC7A}.Debug|ARM.Build.0 = Debug|Any CPU
		{2391C72E-46CD-4934-8F67-762E7546EC7A}.Debug|ARM.Deploy.0 = Debug|Any CPU
		{2391C72E-46CD-4934-8F67-762E7546EC7A}.Debug|iPhone.ActiveCfg = Debug|Any CPU
		{2391C72E-46CD-4934-8F67-762E7546EC7A}.Debug|iPhone.Build.0 = Debug|Any CPU
		{2391C72E-46CD-4934-8F67-762E7546EC7A}.Debug|iPhone.Deploy.0 = Debug|Any CPU
		{2391C72E-46CD-4934-8F67-762E7546EC7A}.Debug|iPhoneSimulator.ActiveCfg = Debug|Any CPU
		{2391C72E-46CD-4934-8F67-762E7546EC7A}.Debug|iPhoneSimulator.Build.0 = Debug|Any CPU
		{2391C72E-46CD-4934-8F67-762E7546EC7A}.Debug|iPhoneSimulator.Deploy.0 = Debug|Any CPU
		{2391C72E-46CD-4934-8F67-762E7546EC7A}.Debug|x64.ActiveCfg = Debug|Any CPU
		{2391C72E-46CD-4934-8F67-762E7546EC7A}.Debug|x64.Build.0 = Debug|Any CPU
		{2391C72E-46CD-4934-8F67-762E7546EC7A}.Debug|x64.Deploy.0 = Debug|Any CPU
		{2391C72E-46CD-4934-8F67-762E7546EC7A}.Debug|x86.ActiveCfg = Debug|Any CPU
		{2391C72E-46CD-4934-8F67-762E7546EC7A}.Debug|x86.Build.0 = Debug|Any CPU
		{2391C72E-46CD-4934-8F67-762E7546EC7A}.Debug|x86.Deploy.0 = Debug|Any CPU
		{2391C72E-46CD-4934-8F67-762E7546EC7A}.Release|Any CPU.ActiveCfg = Release|Any CPU
		{2391C72E-46CD-4934-8F67-762E7546EC7A}.Release|Any CPU.Build.0 = Release|Any CPU
		{2391C72E-46CD-4934-8F67-762E7546EC7A}.Release|Any CPU.Deploy.0 = Release|Any CPU
		{2391C72E-46CD-4934-8F67-762E7546EC7A}.Release|ARM.ActiveCfg = Release|Any CPU
		{2391C72E-46CD-4934-8F67-762E7546EC7A}.Release|ARM.Build.0 = Release|Any CPU
		{2391C72E-46CD-4934-8F67-762E7546EC7A}.Release|ARM.Deploy.0 = Release|Any CPU
		{2391C72E-46CD-4934-8F67-762E7546EC7A}.Release|iPhone.ActiveCfg = Release|Any CPU
		{2391C72E-46CD-4934-8F67-762E7546EC7A}.Release|iPhone.Build.0 = Release|Any CPU
		{2391C72E-46CD-4934-8F67-762E7546EC7A}.Release|iPhone.Deploy.0 = Release|Any CPU
		{2391C72E-46CD-4934-8F67-762E7546EC7A}.Release|iPhoneSimulator.ActiveCfg = Release|Any CPU
		{2391C72E-46CD-4934-8F67-762E7546EC7A}.Release|iPhoneSimulator.Build.0 = Release|Any CPU
		{2391C72E-46CD-4934-8F67-762E7546EC7A}.Release|iPhoneSimulator.Deploy.0 = Release|Any CPU
		{2391C72E-46CD-4934-8F67-762E7546EC7A}.Release|x64.ActiveCfg = Release|Any CPU
		{2391C72E-46CD-4934-8F67-762E7546EC7A}.Release|x64.Build.0 = Release|Any CPU
		{2391C72E-46CD-4934-8F67-762E7546EC7A}.Release|x64.Deploy.0 = Release|Any CPU
		{2391C72E-46CD-4934-8F67-762E7546EC7A}.Release|x86.ActiveCfg = Release|Any CPU
		{2391C72E-46CD-4934-8F67-762E7546EC7A}.Release|x86.Build.0 = Release|Any CPU
		{2391C72E-46CD-4934-8F67-762E7546EC7A}.Release|x86.Deploy.0 = Release|Any CPU
	EndGlobalSection
	GlobalSection(SolutionProperties) = preSolution
		HideSolutionNode = FALSE
	EndGlobalSection
	GlobalSection(ExtensibilityGlobals) = postSolution
		SolutionGuid = {8EBF6D88-373E-499B-B518-FC9AB136E467}
	EndGlobalSection
EndGlobal
